
Microsoft Visual Studio Solution File, Format Version 12.00
# Visual Studio Version 16
VisualStudioVersion = 16.0.30413.136
MinimumVisualStudioVersion = 10.0.40219.1
Project("{FAE04EC0-301F-11D3-BF4B-00C04F79EFBC}") = "DemoDocker", "DemoDocker\DemoDocker.csproj", "{81B153C3-C797-4509-A6DC-5AC32191A241}"
EndProject
Global
	GlobalSection(SolutionConfigurationPlatforms) = preSolution
		Debug|Any CPU = Debug|Any CPU
		Release|Any CPU = Release|Any CPU
	EndGlobalSection
	GlobalSection(ProjectConfigurationPlatforms) = postSolution
		{81B153C3-C797-4509-A6DC-5AC32191A241}.Debug|Any CPU.ActiveCfg = Debug|Any CPU
		{81B153C3-C797-4509-A6DC-5AC32191A241}.Debug|Any CPU.Build.0 = Debug|Any CPU
		{81B153C3-C797-4509-A6DC-5AC32191A241}.Release|Any CPU.ActiveCfg = Release|Any CPU
		{81B153C3-C797-4509-A6DC-5AC32191A241}.Release|Any CPU.Build.0 = Release|Any CPU
	EndGlobalSection
	GlobalSection(SolutionProperties) = preSolution
		HideSolutionNode = FALSE
	EndGlobalSection
	GlobalSection(ExtensibilityGlobals) = postSolution
		SolutionGuid = {EE02E2B3-F09E-46E2-9B5F-563B229A82E0}
	EndGlobalSection
EndGlobal
